// !$*UTF8*$!
{
	archiveVersion = 1;
	classes = {
	};
	objectVersion = 50;
	objects = {

/* Begin PBXBuildFile section */
		229FCF4E24BFF41100EB0708 /* AppDelegate.swift in Sources */ = {isa = PBXBuildFile; fileRef = 229FCF4D24BFF41100EB0708 /* AppDelegate.swift */; };
		229FCF5024BFF41100EB0708 /* SceneDelegate.swift in Sources */ = {isa = PBXBuildFile; fileRef = 229FCF4F24BFF41100EB0708 /* SceneDelegate.swift */; };
		229FCF5224BFF41100EB0708 /* ViewController.swift in Sources */ = {isa = PBXBuildFile; fileRef = 229FCF5124BFF41100EB0708 /* ViewController.swift */; };
		229FCF5524BFF41100EB0708 /* Main.storyboard in Resources */ = {isa = PBXBuildFile; fileRef = 229FCF5324BFF41100EB0708 /* Main.storyboard */; };
		229FCF5724BFF41100EB0708 /* Assets.xcassets in Resources */ = {isa = PBXBuildFile; fileRef = 229FCF5624BFF41100EB0708 /* Assets.xcassets */; };
		229FCF5A24BFF41100EB0708 /* LaunchScreen.storyboard in Resources */ = {isa = PBXBuildFile; fileRef = 229FCF5824BFF41100EB0708 /* LaunchScreen.storyboard */; };
/* End PBXBuildFile section */

/* Begin PBXFileReference section */
		229FCF4A24BFF41100EB0708 /* SelfieShare.app */ = {isa = PBXFileReference; explicitFileType = wrapper.application; includeInIndex = 0; path = SelfieShare.app; sourceTree = BUILT_PRODUCTS_DIR; };
		229FCF4D24BFF41100EB0708 /* AppDelegate.swift */ = {isa = PBXFileReference; lastKnownFileType = sourcecode.swift; path = AppDelegate.swift; sourceTree = "<group>"; };
		229FCF4F24BFF41100EB0708 /* SceneDelegate.swift */ = {isa = PBXFileReference; lastKnownFileType = sourcecode.swift; path = SceneDelegate.swift; sourceTree = "<group>"; };
		229FCF5124BFF41100EB0708 /* ViewController.swift */ = {isa = PBXFileReference; lastKnownFileType = sourcecode.swift; path = ViewController.swift; sourceTree = "<group>"; };
		229FCF5424BFF41100EB0708 /* Base */ = {isa = PBXFileReference; lastKnownFileType = file.storyboard; name = Base; path = Base.lproj/Main.storyboard; sourceTree = "<group>"; };
		229FCF5624BFF41100EB0708 /* Assets.xcassets */ = {isa = PBXFileReference; lastKnownFileType = folder.assetcatalog; path = Assets.xcassets; sourceTree = "<group>"; };
		229FCF5924BFF41100EB0708 /* Base */ = {isa = PBXFileReference; lastKnownFileType = file.storyboard; name = Base; path = Base.lproj/LaunchScreen.storyboard; sourceTree = "<group>"; };
		229FCF5B24BFF41100EB0708 /* Info.plist */ = {isa = PBXFileReference; lastKnownFileType = text.plist.xml; path = Info.plist; sourceTree = "<group>"; };
/* End PBXFileReference section */

/* Begin PBXFrameworksBuildPhase section */
		229FCF4724BFF41100EB0708 /* Frameworks */ = {
			isa = PBXFrameworksBuildPhase;
			buildActionMask = 2147483647;
			files = (
			);
			runOnlyForDeploymentPostprocessing = 0;
		};
/* End PBXFrameworksBuildPhase section */

/* Begin PBXGroup section */
		229FCF4124BFF41100EB0708 = {
			isa = PBXGroup;
			children = (
				229FCF4C24BFF41100EB0708 /* SelfieShare */,
				229FCF4B24BFF41100EB0708 /* Products */,
			);
			sourceTree = "<group>";
		};
		229FCF4B24BFF41100EB0708 /* Products */ = {
			isa = PBXGroup;
			children = (
				229FCF4A24BFF41100EB0708 /* SelfieShare.app */,
			);
			name = Products;
			sourceTree = "<group>";
		};
		229FCF4C24BFF41100EB0708 /* SelfieShare */ = {
			isa = PBXGroup;
			children = (
				229FCF4D24BFF41100EB0708 /* AppDelegate.swift */,
				229FCF4F24BFF41100EB0708 /* SceneDelegate.swift */,
				229FCF5124BFF41100EB0708 /* ViewController.swift */,
				229FCF5324BFF41100EB0708 /* Main.storyboard */,
				229FCF5624BFF41100EB0708 /* Assets.xcassets */,
				229FCF5824BFF41100EB0708 /* LaunchScreen.storyboard */,
				229FCF5B24BFF41100EB0708 /* Info.plist */,
			);
			path = SelfieShare;
			sourceTree = "<group>";
		};
/* End PBXGroup section */

/* Begin PBXNativeTarget section */
		229FCF4924BFF41100EB0708 /* SelfieShare */ = {
			isa = PBXNativeTarget;
			buildConfigurationList = 229FCF5E24BFF41100EB0708 /* Build configuration list for PBXNativeTarget "SelfieShare" */;
			buildPhases = (
				229FCF4624BFF41100EB0708 /* Sources */,
				229FCF4724BFF41100EB0708 /* Frameworks */,
				229FCF4824BFF41100EB0708 /* Resources */,
			);
			buildRules = (
			);
			dependencies = (
			);
			name = SelfieShare;
			productName = SelfieShare;
			productReference = 229FCF4A24BFF41100EB0708 /* SelfieShare.app */;
			productType = "com.apple.product-type.application";
		};
/* End PBXNativeTarget section */

/* Begin PBXProject section */
		229FCF4224BFF41100EB0708 /* Project object */ = {
			isa = PBXProject;
			attributes = {
				LastSwiftUpdateCheck = 1150;
				LastUpgradeCheck = 1250;
				ORGANIZATIONNAME = "Ma Xueyuan";
				TargetAttributes = {
					229FCF4924BFF41100EB0708 = {
						CreatedOnToolsVersion = 11.5;
					};
				};
			};
			buildConfigurationList = 229FCF4524BFF41100EB0708 /* Build configuration list for PBXProject "SelfieShare" */;
			compatibilityVersion = "Xcode 9.3";
			developmentRegion = en;
			hasScannedForEncodings = 0;
			knownRegions = (
				en,
				Base,
			);
			mainGroup = 229FCF4124BFF41100EB0708;
			productRefGroup = 229FCF4B24BFF41100EB0708 /* Products */;
			projectDirPath = "";
			projectRoot = "";
			targets = (
				229FCF4924BFF41100EB0708 /* SelfieShare */,
			);
		};
/* End PBXProject section */

/* Begin PBXResourcesBuildPhase section */
		229FCF4824BFF41100EB0708 /* Resources */ = {
			isa = PBXResourcesBuildPhase;
			buildActionMask = 2147483647;
			files = (
				229FCF5A24BFF41100EB0708 /* LaunchScreen.storyboard in Resources */,
				229FCF5724BFF41100EB0708 /* Assets.xcassets in Resources */,
				229FCF5524BFF41100EB0708 /* Main.storyboard in Resources */,
			);
			runOnlyForDeploymentPostprocessing = 0;
		};
/* End PBXResourcesBuildPhase section */

/* Begin PBXSourcesBuildPhase section */
		229FCF4624BFF41100EB0708 /* Sources */ = {
			isa = PBXSourcesBuildPhase;
			buildActionMask = 2147483647;
			files = (
				229FCF5224BFF41100EB0708 /* ViewController.swift in Sources */,
				229FCF4E24BFF41100EB0708 /* AppDelegate.swift in Sources */,
				229FCF5024BFF41100EB0708 /* SceneDelegate.swift in Sources */,
			);
			runOnlyForDeploymentPostprocessing = 0;
		};
/* End PBXSourcesBuildPhase section */

/* Begin PBXVariantGroup section */
		229FCF5324BFF41100EB0708 /* Main.storyboard */ = {
			isa = PBXVariantGroup;
			children = (
				229FCF5424BFF41100EB0708 /* Base */,
			);
			name = Main.storyboard;
			sourceTree = "<group>";
		};
		229FCF5824BFF41100EB0708 /* LaunchScreen.storyboard */ = {
			isa = PBXVariantGroup;
			children = (
				229FCF5924BFF41100EB0708 /* Base */,
			);
			name = LaunchScreen.storyboard;
			sourceTree = "<group>";
		};
/* End PBXVariantGroup section */

/* Begin XCBuildConfiguration section */
		229FCF5C24BFF41100EB0708 /* Debug */ = {
			isa = XCBuildConfiguration;
			buildSettings = {
				ALWAYS_SEARCH_USER_PATHS = NO;
				CLANG_ANALYZER_NONNULL = YES;
				CLANG_ANALYZER_NUMBER_OBJECT_CONVERSION = YES_AGGRESSIVE;
				CLANG_CXX_LANGUAGE_STANDARD = "gnu++14";
				CLANG_CXX_LIBRARY = "libc++";
				CLANG_ENABLE_MODULES = YES;
				CLANG_ENABLE_OBJC_ARC = YES;
				CLANG_ENABLE_OBJC_WEAK = YES;
				CLANG_WARN_BLOCK_CAPTURE_AUTORELEASING = YES;
				CLANG_WARN_BOOL_CONVERSION = YES;
				CLANG_WARN_COMMA = YES;
				CLANG_WARN_CONSTANT_CONVERSION = YES;
				CLANG_WARN_DEPRECATED_OBJC_IMPLEMENTATIONS = YES;
				CLANG_WARN_DIRECT_OBJC_ISA_USAGE = YES_ERROR;
				CLANG_WARN_DOCUMENTATION_COMMENTS = YES;
				CLANG_WARN_EMPTY_BODY = YES;
				CLANG_WARN_ENUM_CONVERSION = YES;
				CLANG_WARN_INFINITE_RECURSION = YES;
				CLANG_WARN_INT_CONVERSION = YES;
				CLANG_WARN_NON_LITERAL_NULL_CONVERSION = YES;
				CLANG_WARN_OBJC_IMPLICIT_RETAIN_SELF = YES;
				CLANG_WARN_OBJC_LITERAL_CONVERSION = YES;
				CLANG_WARN_OBJC_ROOT_CLASS = YES_ERROR;
				CLANG_WARN_QUOTED_INCLUDE_IN_FRAMEWORK_HEADER = YES;
				CLANG_WARN_RANGE_LOOP_ANALYSIS = YES;
				CLANG_WARN_STRICT_PROTOTYPES = YES;
				CLANG_WARN_SUSPICIOUS_MOVE = YES;
				CLANG_WARN_UNGUARDED_AVAILABILITY = YES_AGGRESSIVE;
				CLANG_WARN_UNREACHABLE_CODE = YES;
				CLANG_WARN__DUPLICATE_METHOD_MATCH = YES;
				COPY_PHASE_STRIP = NO;
				DEBUG_INFORMATION_FORMAT = dwarf;
				ENABLE_STRICT_OBJC_MSGSEND = YES;
				ENABLE_TESTABILITY = YES;
				GCC_C_LANGUAGE_STANDARD = gnu11;
				GCC_DYNAMIC_NO_PIC = NO;
				GCC_NO_COMMON_BLOCKS = YES;
				GCC_OPTIMIZATION_LEVEL = 0;
				GCC_PREPROCESSOR_DEFINITIONS = (
					"DEBUG=1",
					"$(inherited)",
				);
				GCC_WARN_64_TO_32_BIT_CONVERSION = YES;
				GCC_WARN_ABOUT_RETURN_TYPE = YES_ERROR;
				GCC_WARN_UNDECLARED_SELECTOR = YES;
				GCC_WARN_UNINITIALIZED_AUTOS = YES_AGGRESSIVE;
				GCC_WARN_UNUSED_FUNCTION = YES;
				GCC_WARN_UNUSED_VARIABLE = YES;
				IPHONEOS_DEPLOYMENT_TARGET = 13.5;
				MTL_ENABLE_DEBUG_INFO = INCLUDE_SOURCE;
				MTL_FAST_MATH = YES;
				ONLY_ACTIVE_ARCH = YES;
				SDKROOT = iphoneos;
				SWIFT_ACTIVE_COMPILATION_CONDITIONS = DEBUG;
				SWIFT_OPTIMIZATION_LEVEL = "-Onone";
			};
			name = Debug;
		};
		229FCF5D24BFF41100EB0708 /* Release */ = {
			isa = XCBuildConfiguration;
			buildSettings = {
				ALWAYS_SEARCH_USER_PATHS = NO;
				CLANG_ANALYZER_NONNULL = YES;
				CLANG_ANALYZER_NUMBER_OBJECT_CONVERSION = YES_AGGRESSIVE;
				CLANG_CXX_LANGUAGE_STANDARD = "gnu++14";
				CLANG_CXX_LIBRARY = "libc++";
				CLANG_ENABLE_MODULES = YES;
				CLANG_ENABLE_OBJC_ARC = YES;
				CLANG_ENABLE_OBJC_WEAK = YES;
				CLANG_WARN_BLOCK_CAPTURE_AUTORELEASING = YES;
				CLANG_WARN_BOOL_CONVERSION = YES;
				CLANG_WARN_COMMA = YES;
				CLANG_WARN_CONSTANT_CONVERSION = YES;
				CLANG_WARN_DEPRECATED_OBJC_IMPLEMENTATIONS = YES;
				CLANG_WARN_DIRECT_OBJC_ISA_USAGE = YES_ERROR;
				CLANG_WARN_DOCUMENTATION_COMMENTS = YES;
				CLANG_WARN_EMPTY_BODY = YES;
				CLANG_WARN_ENUM_CONVERSION = YES;
				CLANG_WARN_INFINITE_RECURSION = YES;
				CLANG_WARN_INT_CONVERSION = YES;
				CLANG_WARN_NON_LITERAL_NULL_CONVERSION = YES;
				CLANG_WARN_OBJC_IMPLICIT_RETAIN_SELF = YES;
				CLANG_WARN_OBJC_LITERAL_CONVERSION = YES;
				CLANG_WARN_OBJC_ROOT_CLASS = YES_ERROR;
				CLANG_WARN_QUOTED_INCLUDE_IN_FRAMEWORK_HEADER = YES;
				CLANG_WARN_RANGE_LOOP_ANALYSIS = YES;
				CLANG_WARN_STRICT_PROTOTYPES = YES;
				CLANG_WARN_SUSPICIOUS_MOVE = YES;
				CLANG_WARN_UNGUARDED_AVAILABILITY = YES_AGGRESSIVE;
				CLANG_WARN_UNREACHABLE_CODE = YES;
				CLANG_WARN__DUPLICATE_METHOD_MATCH = YES;
				COPY_PHASE_STRIP = NO;
				DEBUG_INFORMATION_FORMAT = "dwarf-with-dsym";
				ENABLE_NS_ASSERTIONS = NO;
				ENABLE_STRICT_OBJC_MSGSEND = YES;
				GCC_C_LANGUAGE_STANDARD = gnu11;
				GCC_NO_COMMON_BLOCKS = YES;
				GCC_WARN_64_TO_32_BIT_CONVERSION = YES;
				GCC_WARN_ABOUT_RETURN_TYPE = YES_ERROR;
				GCC_WARN_UNDECLARED_SELECTOR = YES;
				GCC_WARN_UNINITIALIZED_AUTOS = YES_AGGRESSIVE;
				GCC_WARN_UNUSED_FUNCTION = YES;
				GCC_WARN_UNUSED_VARIABLE = YES;
				IPHONEOS_DEPLOYMENT_TARGET = 13.5;
				MTL_ENABLE_DEBUG_INFO = NO;
				MTL_FAST_MATH = YES;
				SDKROOT = iphoneos;
				SWIFT_COMPILATION_MODE = wholemodule;
				SWIFT_OPTIMIZATION_LEVEL = "-O";
				VALIDATE_PRODUCT = YES;
			};
			name = Release;
		};
		229FCF5F24BFF41100EB0708 /* Debug */ = {
			isa = XCBuildConfiguration;
			buildSettings = {
				ASSETCATALOG_COMPILER_APPICON_NAME = AppIcon;
				CODE_SIGN_STYLE = Automatic;
				DEVELOPMENT_TEAM = EQC88F8HW8;
				INFOPLIST_FILE = SelfieShare/Info.plist;
				LD_RUNPATH_SEARCH_PATHS = (
					"$(inherited)",
					"@executable_path/Frameworks",
				);
				PRODUCT_BUNDLE_IDENTIFIER = com.mxy.SelfieShare;
				PRODUCT_NAME = "$(TARGET_NAME)";
				SWIFT_VERSION = 5.0;
				TARGETED_DEVICE_FAMILY = "1,2";
			};
			name = Debug;
		};
		229FCF6024BFF41100EB0708 /* Release */ = {
			isa = XCBuildConfiguration;
			buildSettings = {
				ASSETCATALOG_COMPILER_APPICON_NAME = AppIcon;
				CODE_SIGN_STYLE = Automatic;
				DEVELOPMENT_TEAM = EQC88F8HW8;
				INFOPLIST_FILE = SelfieShare/Info.plist;
				LD_RUNPATH_SEARCH_PATHS = (
					"$(inherited)",
					"@executable_path/Frameworks",
				);
				PRODUCT_BUNDLE_IDENTIFIER = com.mxy.SelfieShare;
				PRODUCT_NAME = "$(TARGET_NAME)";
				SWIFT_VERSION = 5.0;
				TARGETED_DEVICE_FAMILY = "1,2";
			};
			name = Release;
		};
/* End XCBuildConfiguration section */

/* Begin XCConfigurationList section */
		229FCF4524BFF41100EB0708 /* Build configuration list for PBXProject "SelfieShare" */ = {
			isa = XCConfigurationList;
			buildConfigurations = (
				229FCF5C24BFF41100EB0708 /* Debug */,
				229FCF5D24BFF41100EB0708 /* Release */,
			);
			defaultConfigurationIsVisible = 0;
			defaultConfigurationName = Release;
		};
		229FCF5E24BFF41100EB0708 /* Build configuration list for PBXNativeTarget "SelfieShare" */ = {
			isa = XCConfigurationList;
			buildConfigurations = (
				229FCF5F24BFF41100EB0708 /* Debug */,
				229FCF6024BFF41100EB0708 /* Release */,
			);
			defaultConfigurationIsVisible = 0;
			defaultConfigurationName = Release;
		};
/* End XCConfigurationList section */
	};
	rootObject = 229FCF4224BFF41100EB0708 /* Project object */;
}
