// !$*UTF8*$!
{
	archiveVersion = 1;
	classes = {
	};
	objectVersion = 50;
	objects = {

/* Begin PBXBuildFile section */
		22274CCB24CDD59700DDBBF4 /* AppDelegate.swift in Sources */ = {isa = PBXBuildFile; fileRef = 22274CCA24CDD59700DDBBF4 /* AppDelegate.swift */; };
		22274CCD24CDD59700DDBBF4 /* SceneDelegate.swift in Sources */ = {isa = PBXBuildFile; fileRef = 22274CCC24CDD59700DDBBF4 /* SceneDelegate.swift */; };
		22274CD224CDD59700DDBBF4 /* Main.storyboard in Resources */ = {isa = PBXBuildFile; fileRef = 22274CD024CDD59700DDBBF4 /* Main.storyboard */; };
		22274CD424CDD59900DDBBF4 /* Assets.xcassets in Resources */ = {isa = PBXBuildFile; fileRef = 22274CD324CDD59900DDBBF4 /* Assets.xcassets */; };
		22274CD724CDD59900DDBBF4 /* LaunchScreen.storyboard in Resources */ = {isa = PBXBuildFile; fileRef = 22274CD524CDD59900DDBBF4 /* LaunchScreen.storyboard */; };
		22274CDF24CDD62700DDBBF4 /* MainCollectionViewController.swift in Sources */ = {isa = PBXBuildFile; fileRef = 22274CDE24CDD62700DDBBF4 /* MainCollectionViewController.swift */; };
		22274CE124CDE2EB00DDBBF4 /* CardCollectionViewCell.swift in Sources */ = {isa = PBXBuildFile; fileRef = 22274CE024CDE2EB00DDBBF4 /* CardCollectionViewCell.swift */; };
		22A494C724CF06B90051C94E /* Card.swift in Sources */ = {isa = PBXBuildFile; fileRef = 22A494C624CF06B90051C94E /* Card.swift */; };
/* End PBXBuildFile section */

/* Begin PBXFileReference section */
		22274CC724CDD59700DDBBF4 /* PairCards.app */ = {isa = PBXFileReference; explicitFileType = wrapper.application; includeInIndex = 0; path = PairCards.app; sourceTree = BUILT_PRODUCTS_DIR; };
		22274CCA24CDD59700DDBBF4 /* AppDelegate.swift */ = {isa = PBXFileReference; lastKnownFileType = sourcecode.swift; path = AppDelegate.swift; sourceTree = "<group>"; };
		22274CCC24CDD59700DDBBF4 /* SceneDelegate.swift */ = {isa = PBXFileReference; lastKnownFileType = sourcecode.swift; path = SceneDelegate.swift; sourceTree = "<group>"; };
		22274CD124CDD59700DDBBF4 /* Base */ = {isa = PBXFileReference; lastKnownFileType = file.storyboard; name = Base; path = Base.lproj/Main.storyboard; sourceTree = "<group>"; };
		22274CD324CDD59900DDBBF4 /* Assets.xcassets */ = {isa = PBXFileReference; lastKnownFileType = folder.assetcatalog; path = Assets.xcassets; sourceTree = "<group>"; };
		22274CD624CDD59900DDBBF4 /* Base */ = {isa = PBXFileReference; lastKnownFileType = file.storyboard; name = Base; path = Base.lproj/LaunchScreen.storyboard; sourceTree = "<group>"; };
		22274CD824CDD59900DDBBF4 /* Info.plist */ = {isa = PBXFileReference; lastKnownFileType = text.plist.xml; path = Info.plist; sourceTree = "<group>"; };
		22274CDE24CDD62700DDBBF4 /* MainCollectionViewController.swift */ = {isa = PBXFileReference; lastKnownFileType = sourcecode.swift; path = MainCollectionViewController.swift; sourceTree = "<group>"; };
		22274CE024CDE2EB00DDBBF4 /* CardCollectionViewCell.swift */ = {isa = PBXFileReference; lastKnownFileType = sourcecode.swift; path = CardCollectionViewCell.swift; sourceTree = "<group>"; };
		22A494C624CF06B90051C94E /* Card.swift */ = {isa = PBXFileReference; lastKnownFileType = sourcecode.swift; path = Card.swift; sourceTree = "<group>"; };
/* End PBXFileReference section */

/* Begin PBXFrameworksBuildPhase section */
		22274CC424CDD59700DDBBF4 /* Frameworks */ = {
			isa = PBXFrameworksBuildPhase;
			buildActionMask = 2147483647;
			files = (
			);
			runOnlyForDeploymentPostprocessing = 0;
		};
/* End PBXFrameworksBuildPhase section */

/* Begin PBXGroup section */
		22274CBE24CDD59700DDBBF4 = {
			isa = PBXGroup;
			children = (
				22274CC924CDD59700DDBBF4 /* PairCards */,
				22274CC824CDD59700DDBBF4 /* Products */,
			);
			sourceTree = "<group>";
		};
		22274CC824CDD59700DDBBF4 /* Products */ = {
			isa = PBXGroup;
			children = (
				22274CC724CDD59700DDBBF4 /* PairCards.app */,
			);
			name = Products;
			sourceTree = "<group>";
		};
		22274CC924CDD59700DDBBF4 /* PairCards */ = {
			isa = PBXGroup;
			children = (
				22274CCA24CDD59700DDBBF4 /* AppDelegate.swift */,
				22274CCC24CDD59700DDBBF4 /* SceneDelegate.swift */,
				22274CD024CDD59700DDBBF4 /* Main.storyboard */,
				22274CD324CDD59900DDBBF4 /* Assets.xcassets */,
				22274CD524CDD59900DDBBF4 /* LaunchScreen.storyboard */,
				22274CD824CDD59900DDBBF4 /* Info.plist */,
				22274CDE24CDD62700DDBBF4 /* MainCollectionViewController.swift */,
				22274CE024CDE2EB00DDBBF4 /* CardCollectionViewCell.swift */,
				22A494C624CF06B90051C94E /* Card.swift */,
			);
			path = PairCards;
			sourceTree = "<group>";
		};
/* End PBXGroup section */

/* Begin PBXNativeTarget section */
		22274CC624CDD59700DDBBF4 /* PairCards */ = {
			isa = PBXNativeTarget;
			buildConfigurationList = 22274CDB24CDD59900DDBBF4 /* Build configuration list for PBXNativeTarget "PairCards" */;
			buildPhases = (
				22274CC324CDD59700DDBBF4 /* Sources */,
				22274CC424CDD59700DDBBF4 /* Frameworks */,
				22274CC524CDD59700DDBBF4 /* Resources */,
			);
			buildRules = (
			);
			dependencies = (
			);
			name = PairCards;
			productName = PairCards;
			productReference = 22274CC724CDD59700DDBBF4 /* PairCards.app */;
			productType = "com.apple.product-type.application";
		};
/* End PBXNativeTarget section */

/* Begin PBXProject section */
		22274CBF24CDD59700DDBBF4 /* Project object */ = {
			isa = PBXProject;
			attributes = {
				LastSwiftUpdateCheck = 1160;
				LastUpgradeCheck = 1160;
				ORGANIZATIONNAME = "Ma Xueyuan";
				TargetAttributes = {
					22274CC624CDD59700DDBBF4 = {
						CreatedOnToolsVersion = 11.6;
					};
				};
			};
			buildConfigurationList = 22274CC224CDD59700DDBBF4 /* Build configuration list for PBXProject "PairCards" */;
			compatibilityVersion = "Xcode 9.3";
			developmentRegion = en;
			hasScannedForEncodings = 0;
			knownRegions = (
				en,
				Base,
			);
			mainGroup = 22274CBE24CDD59700DDBBF4;
			productRefGroup = 22274CC824CDD59700DDBBF4 /* Products */;
			projectDirPath = "";
			projectRoot = "";
			targets = (
				22274CC624CDD59700DDBBF4 /* PairCards */,
			);
		};
/* End PBXProject section */

/* Begin PBXResourcesBuildPhase section */
		22274CC524CDD59700DDBBF4 /* Resources */ = {
			isa = PBXResourcesBuildPhase;
			buildActionMask = 2147483647;
			files = (
				22274CD724CDD59900DDBBF4 /* LaunchScreen.storyboard in Resources */,
				22274CD424CDD59900DDBBF4 /* Assets.xcassets in Resources */,
				22274CD224CDD59700DDBBF4 /* Main.storyboard in Resources */,
			);
			runOnlyForDeploymentPostprocessing = 0;
		};
/* End PBXResourcesBuildPhase section */

/* Begin PBXSourcesBuildPhase section */
		22274CC324CDD59700DDBBF4 /* Sources */ = {
			isa = PBXSourcesBuildPhase;
			buildActionMask = 2147483647;
			files = (
				22274CE124CDE2EB00DDBBF4 /* CardCollectionViewCell.swift in Sources */,
				22274CCB24CDD59700DDBBF4 /* AppDelegate.swift in Sources */,
				22A494C724CF06B90051C94E /* Card.swift in Sources */,
				22274CDF24CDD62700DDBBF4 /* MainCollectionViewController.swift in Sources */,
				22274CCD24CDD59700DDBBF4 /* SceneDelegate.swift in Sources */,
			);
			runOnlyForDeploymentPostprocessing = 0;
		};
/* End PBXSourcesBuildPhase section */

/* Begin PBXVariantGroup section */
		22274CD024CDD59700DDBBF4 /* Main.storyboard */ = {
			isa = PBXVariantGroup;
			children = (
				22274CD124CDD59700DDBBF4 /* Base */,
			);
			name = Main.storyboard;
			sourceTree = "<group>";
		};
		22274CD524CDD59900DDBBF4 /* LaunchScreen.storyboard */ = {
			isa = PBXVariantGroup;
			children = (
				22274CD624CDD59900DDBBF4 /* Base */,
			);
			name = LaunchScreen.storyboard;
			sourceTree = "<group>";
		};
/* End PBXVariantGroup section */

/* Begin XCBuildConfiguration section */
		22274CD924CDD59900DDBBF4 /* Debug */ = {
			isa = XCBuildConfiguration;
			buildSettings = {
				ALWAYS_SEARCH_USER_PATHS = NO;
				CLANG_ANALYZER_NONNULL = YES;
				CLANG_ANALYZER_NUMBER_OBJECT_CONVERSION = YES_AGGRESSIVE;
				CLANG_CXX_LANGUAGE_STANDARD = "gnu++14";
				CLANG_CXX_LIBRARY = "libc++";
				CLANG_ENABLE_MODULES = YES;
				CLANG_ENABLE_OBJC_ARC = YES;
				CLANG_ENABLE_OBJC_WEAK = YES;
				CLANG_WARN_BLOCK_CAPTURE_AUTORELEASING = YES;
				CLANG_WARN_BOOL_CONVERSION = YES;
				CLANG_WARN_COMMA = YES;
				CLANG_WARN_CONSTANT_CONVERSION = YES;
				CLANG_WARN_DEPRECATED_OBJC_IMPLEMENTATIONS = YES;
				CLANG_WARN_DIRECT_OBJC_ISA_USAGE = YES_ERROR;
				CLANG_WARN_DOCUMENTATION_COMMENTS = YES;
				CLANG_WARN_EMPTY_BODY = YES;
				CLANG_WARN_ENUM_CONVERSION = YES;
				CLANG_WARN_INFINITE_RECURSION = YES;
				CLANG_WARN_INT_CONVERSION = YES;
				CLANG_WARN_NON_LITERAL_NULL_CONVERSION = YES;
				CLANG_WARN_OBJC_IMPLICIT_RETAIN_SELF = YES;
				CLANG_WARN_OBJC_LITERAL_CONVERSION = YES;
				CLANG_WARN_OBJC_ROOT_CLASS = YES_ERROR;
				CLANG_WARN_RANGE_LOOP_ANALYSIS = YES;
				CLANG_WARN_STRICT_PROTOTYPES = YES;
				CLANG_WARN_SUSPICIOUS_MOVE = YES;
				CLANG_WARN_UNGUARDED_AVAILABILITY = YES_AGGRESSIVE;
				CLANG_WARN_UNREACHABLE_CODE = YES;
				CLANG_WARN__DUPLICATE_METHOD_MATCH = YES;
				COPY_PHASE_STRIP = NO;
				DEBUG_INFORMATION_FORMAT = dwarf;
				ENABLE_STRICT_OBJC_MSGSEND = YES;
				ENABLE_TESTABILITY = YES;
				GCC_C_LANGUAGE_STANDARD = gnu11;
				GCC_DYNAMIC_NO_PIC = NO;
				GCC_NO_COMMON_BLOCKS = YES;
				GCC_OPTIMIZATION_LEVEL = 0;
				GCC_PREPROCESSOR_DEFINITIONS = (
					"DEBUG=1",
					"$(inherited)",
				);
				GCC_WARN_64_TO_32_BIT_CONVERSION = YES;
				GCC_WARN_ABOUT_RETURN_TYPE = YES_ERROR;
				GCC_WARN_UNDECLARED_SELECTOR = YES;
				GCC_WARN_UNINITIALIZED_AUTOS = YES_AGGRESSIVE;
				GCC_WARN_UNUSED_FUNCTION = YES;
				GCC_WARN_UNUSED_VARIABLE = YES;
				IPHONEOS_DEPLOYMENT_TARGET = 13.6;
				MTL_ENABLE_DEBUG_INFO = INCLUDE_SOURCE;
				MTL_FAST_MATH = YES;
				ONLY_ACTIVE_ARCH = YES;
				SDKROOT = iphoneos;
				SWIFT_ACTIVE_COMPILATION_CONDITIONS = DEBUG;
				SWIFT_OPTIMIZATION_LEVEL = "-Onone";
			};
			name = Debug;
		};
		22274CDA24CDD59900DDBBF4 /* Release */ = {
			isa = XCBuildConfiguration;
			buildSettings = {
				ALWAYS_SEARCH_USER_PATHS = NO;
				CLANG_ANALYZER_NONNULL = YES;
				CLANG_ANALYZER_NUMBER_OBJECT_CONVERSION = YES_AGGRESSIVE;
				CLANG_CXX_LANGUAGE_STANDARD = "gnu++14";
				CLANG_CXX_LIBRARY = "libc++";
				CLANG_ENABLE_MODULES = YES;
				CLANG_ENABLE_OBJC_ARC = YES;
				CLANG_ENABLE_OBJC_WEAK = YES;
				CLANG_WARN_BLOCK_CAPTURE_AUTORELEASING = YES;
				CLANG_WARN_BOOL_CONVERSION = YES;
				CLANG_WARN_COMMA = YES;
				CLANG_WARN_CONSTANT_CONVERSION = YES;
				CLANG_WARN_DEPRECATED_OBJC_IMPLEMENTATIONS = YES;
				CLANG_WARN_DIRECT_OBJC_ISA_USAGE = YES_ERROR;
				CLANG_WARN_DOCUMENTATION_COMMENTS = YES;
				CLANG_WARN_EMPTY_BODY = YES;
				CLANG_WARN_ENUM_CONVERSION = YES;
				CLANG_WARN_INFINITE_RECURSION = YES;
				CLANG_WARN_INT_CONVERSION = YES;
				CLANG_WARN_NON_LITERAL_NULL_CONVERSION = YES;
				CLANG_WARN_OBJC_IMPLICIT_RETAIN_SELF = YES;
				CLANG_WARN_OBJC_LITERAL_CONVERSION = YES;
				CLANG_WARN_OBJC_ROOT_CLASS = YES_ERROR;
				CLANG_WARN_RANGE_LOOP_ANALYSIS = YES;
				CLANG_WARN_STRICT_PROTOTYPES = YES;
				CLANG_WARN_SUSPICIOUS_MOVE = YES;
				CLANG_WARN_UNGUARDED_AVAILABILITY = YES_AGGRESSIVE;
				CLANG_WARN_UNREACHABLE_CODE = YES;
				CLANG_WARN__DUPLICATE_METHOD_MATCH = YES;
				COPY_PHASE_STRIP = NO;
				DEBUG_INFORMATION_FORMAT = "dwarf-with-dsym";
				ENABLE_NS_ASSERTIONS = NO;
				ENABLE_STRICT_OBJC_MSGSEND = YES;
				GCC_C_LANGUAGE_STANDARD = gnu11;
				GCC_NO_COMMON_BLOCKS = YES;
				GCC_WARN_64_TO_32_BIT_CONVERSION = YES;
				GCC_WARN_ABOUT_RETURN_TYPE = YES_ERROR;
				GCC_WARN_UNDECLARED_SELECTOR = YES;
				GCC_WARN_UNINITIALIZED_AUTOS = YES_AGGRESSIVE;
				GCC_WARN_UNUSED_FUNCTION = YES;
				GCC_WARN_UNUSED_VARIABLE = YES;
				IPHONEOS_DEPLOYMENT_TARGET = 13.6;
				MTL_ENABLE_DEBUG_INFO = NO;
				MTL_FAST_MATH = YES;
				SDKROOT = iphoneos;
				SWIFT_COMPILATION_MODE = wholemodule;
				SWIFT_OPTIMIZATION_LEVEL = "-O";
				VALIDATE_PRODUCT = YES;
			};
			name = Release;
		};
		22274CDC24CDD59900DDBBF4 /* Debug */ = {
			isa = XCBuildConfiguration;
			buildSettings = {
				ASSETCATALOG_COMPILER_APPICON_NAME = AppIcon;
				CODE_SIGN_STYLE = Automatic;
				DEVELOPMENT_TEAM = EQC88F8HW8;
				INFOPLIST_FILE = PairCards/Info.plist;
				LD_RUNPATH_SEARCH_PATHS = (
					"$(inherited)",
					"@executable_path/Frameworks",
				);
				PRODUCT_BUNDLE_IDENTIFIER = com.mxy.PairCards;
				PRODUCT_NAME = "$(TARGET_NAME)";
				SWIFT_VERSION = 5.0;
				TARGETED_DEVICE_FAMILY = 2;
			};
			name = Debug;
		};
		22274CDD24CDD59900DDBBF4 /* Release */ = {
			isa = XCBuildConfiguration;
			buildSettings = {
				ASSETCATALOG_COMPILER_APPICON_NAME = AppIcon;
				CODE_SIGN_STYLE = Automatic;
				DEVELOPMENT_TEAM = EQC88F8HW8;
				INFOPLIST_FILE = PairCards/Info.plist;
				LD_RUNPATH_SEARCH_PATHS = (
					"$(inherited)",
					"@executable_path/Frameworks",
				);
				PRODUCT_BUNDLE_IDENTIFIER = com.mxy.PairCards;
				PRODUCT_NAME = "$(TARGET_NAME)";
				SWIFT_VERSION = 5.0;
				TARGETED_DEVICE_FAMILY = 2;
			};
			name = Release;
		};
/* End XCBuildConfiguration section */

/* Begin XCConfigurationList section */
		22274CC224CDD59700DDBBF4 /* Build configuration list for PBXProject "PairCards" */ = {
			isa = XCConfigurationList;
			buildConfigurations = (
				22274CD924CDD59900DDBBF4 /* Debug */,
				22274CDA24CDD59900DDBBF4 /* Release */,
			);
			defaultConfigurationIsVisible = 0;
			defaultConfigurationName = Release;
		};
		22274CDB24CDD59900DDBBF4 /* Build configuration list for PBXNativeTarget "PairCards" */ = {
			isa = XCConfigurationList;
			buildConfigurations = (
				22274CDC24CDD59900DDBBF4 /* Debug */,
				22274CDD24CDD59900DDBBF4 /* Release */,
			);
			defaultConfigurationIsVisible = 0;
			defaultConfigurationName = Release;
		};
/* End XCConfigurationList section */
	};
	rootObject = 22274CBF24CDD59700DDBBF4 /* Project object */;
}
